
Microsoft Visual Studio Solution File, Format Version 12.00
# Visual Studio Version 16
VisualStudioVersion = 16.0.30804.86
MinimumVisualStudioVersion = 10.0.40219.1
Project("{FAE04EC0-301F-11D3-BF4B-00C04F79EFBC}") = "DM_Collectables", "DM_Collectables\DM_Collectables.csproj", "{A0889B2F-FB85-41E5-A7EE-C1700C700E50}"
EndProject
Global
	GlobalSection(SolutionConfigurationPlatforms) = preSolution
		Debug|Any CPU = Debug|Any CPU
		Release|Any CPU = Release|Any CPU
	EndGlobalSection
	GlobalSection(ProjectConfigurationPlatforms) = postSolution
		{A0889B2F-FB85-41E5-A7EE-C1700C700E50}.Debug|Any CPU.ActiveCfg = Debug|Any CPU
		{A0889B2F-FB85-41E5-A7EE-C1700C700E50}.Debug|Any CPU.Build.0 = Debug|Any CPU
		{A0889B2F-FB85-41E5-A7EE-C1700C700E50}.Release|Any CPU.ActiveCfg = Release|Any CPU
		{A0889B2F-FB85-41E5-A7EE-C1700C700E50}.Release|Any CPU.Build.0 = Release|Any CPU
	EndGlobalSection
	GlobalSection(SolutionProperties) = preSolution
		HideSolutionNode = FALSE
	EndGlobalSection
	GlobalSection(ExtensibilityGlobals) = postSolution
		SolutionGuid = {ED2E27CA-8A6C-4F8D-B24F-2D2B9B7AD4E4}
	EndGlobalSection
EndGlobal
